// !$*UTF8*$!
{
	archiveVersion = 1;
	classes = {
	};
	objectVersion = 51;
	objects = {

/* Begin PBXBuildFile section */
		3F5542CE22422A58415A9877 /* Pods_Desafio_3_CII_3_.framework in Frameworks */ = {isa = PBXBuildFile; fileRef = DA2BE68F49EEC186407AB59D /* Pods_Desafio_3_CII_3_.framework */; };
		548CCC6CA90EC094DCCB2F8F /* Pods_Desafio_3_CII_3__Desafio_3_CII_3_UITests.framework in Frameworks */ = {isa = PBXBuildFile; fileRef = 550BA99E30E844C55E5DA0BC /* Pods_Desafio_3_CII_3__Desafio_3_CII_3_UITests.framework */; };
		7D00C862275A9C03000E0F3C /* MoviesViewModel.swift in Sources */ = {isa = PBXBuildFile; fileRef = 7D00C861275A9C03000E0F3C /* MoviesViewModel.swift */; };
		7D676627275926AF0066CEC9 /* movies.json in Resources */ = {isa = PBXBuildFile; fileRef = 7D676626275926AF0066CEC9 /* movies.json */; };
		7D676629275935270066CEC9 /* ImagesAPIMoya.swift in Sources */ = {isa = PBXBuildFile; fileRef = 7D676628275935270066CEC9 /* ImagesAPIMoya.swift */; };
		7D67F637275E95BD00F5DC7F /* MovieData.swift in Sources */ = {isa = PBXBuildFile; fileRef = 7D67F636275E95BD00F5DC7F /* MovieData.swift */; };
		7D67F639275E9EED00F5DC7F /* Coordinator.swift in Sources */ = {isa = PBXBuildFile; fileRef = 7D67F638275E9EED00F5DC7F /* Coordinator.swift */; };
		7D67F63B275E9F7E00F5DC7F /* Storyboarded.swift in Sources */ = {isa = PBXBuildFile; fileRef = 7D67F63A275E9F7E00F5DC7F /* Storyboarded.swift */; };
		7D67F63D275EA14D00F5DC7F /* MainCoordinator.swift in Sources */ = {isa = PBXBuildFile; fileRef = 7D67F63C275EA14D00F5DC7F /* MainCoordinator.swift */; };
		7DB90232275FDF8500703458 /* OverviewCoordinator.swift in Sources */ = {isa = PBXBuildFile; fileRef = 7DB90231275FDF8500703458 /* OverviewCoordinator.swift */; };
		7DFF368A275E6B2E00FC9B20 /* MovieOverviewViewModel.swift in Sources */ = {isa = PBXBuildFile; fileRef = 7DFF3689275E6B2E00FC9B20 /* MovieOverviewViewModel.swift */; };
		BEB15AE6DF2562E21D6F2520 /* Pods_Desafio_3_CII_3_Tests.framework in Frameworks */ = {isa = PBXBuildFile; fileRef = 8944B7E4AFBECA2E7B28FC4B /* Pods_Desafio_3_CII_3_Tests.framework */; };
		CF06B92327553CB0007BA01D /* Dates.swift in Sources */ = {isa = PBXBuildFile; fileRef = CF06B92227553CB0007BA01D /* Dates.swift */; };
		CF0943D827580C9F00395B9F /* MoviesAPIMoya.swift in Sources */ = {isa = PBXBuildFile; fileRef = CF0943D727580C9F00395B9F /* MoviesAPIMoya.swift */; };
		CF0943EB275820F700395B9F /* BundleExtension.swift in Sources */ = {isa = PBXBuildFile; fileRef = CF0943EA275820F700395B9F /* BundleExtension.swift */; };
		CF1EF037275155B9005783B5 /* Desafio_3_CII_3_UITests.swift in Sources */ = {isa = PBXBuildFile; fileRef = CF1EF036275155B9005783B5 /* Desafio_3_CII_3_UITests.swift */; };
		CF1EF04227515E13005783B5 /* MoviesOverview.swift in Sources */ = {isa = PBXBuildFile; fileRef = CF1EF04127515E13005783B5 /* MoviesOverview.swift */; };
		CF1EF04727515E29005783B5 /* MovieResult.swift in Sources */ = {isa = PBXBuildFile; fileRef = CF1EF04627515E29005783B5 /* MovieResult.swift */; };
		CF3E2C07274FF5E9004CC4AF /* AppDelegate.swift in Sources */ = {isa = PBXBuildFile; fileRef = CF3E2C06274FF5E9004CC4AF /* AppDelegate.swift */; };
		CF3E2C09274FF5E9004CC4AF /* SceneDelegate.swift in Sources */ = {isa = PBXBuildFile; fileRef = CF3E2C08274FF5E9004CC4AF /* SceneDelegate.swift */; };
		CF3E2C0E274FF5E9004CC4AF /* Main.storyboard in Resources */ = {isa = PBXBuildFile; fileRef = CF3E2C0C274FF5E9004CC4AF /* Main.storyboard */; };
		CF3E2C13274FF5EA004CC4AF /* LaunchScreen.storyboard in Resources */ = {isa = PBXBuildFile; fileRef = CF3E2C11274FF5EA004CC4AF /* LaunchScreen.storyboard */; };
		CF3E2C42274FFB21004CC4AF /* Assets.xcassets in Resources */ = {isa = PBXBuildFile; fileRef = CF3E2C41274FFB21004CC4AF /* Assets.xcassets */; };
		CF3E2C4A274FFD9A004CC4AF /* MoviesViewController.swift in Sources */ = {isa = PBXBuildFile; fileRef = CF3E2C49274FFD9A004CC4AF /* MoviesViewController.swift */; };
		CF3E2C57275000D6004CC4AF /* MovieCollectionViewCell.swift in Sources */ = {isa = PBXBuildFile; fileRef = CF3E2C56275000D6004CC4AF /* MovieCollectionViewCell.swift */; };
		CF3E2C6E27501478004CC4AF /* MovieDetailsViewController.swift in Sources */ = {isa = PBXBuildFile; fileRef = CF3E2C6D27501478004CC4AF /* MovieDetailsViewController.swift */; };
/* End PBXBuildFile section */

/* Begin PBXContainerItemProxy section */
		CF1EF039275155B9005783B5 /* PBXContainerItemProxy */ = {
			isa = PBXContainerItemProxy;
			containerPortal = CF3E2BFB274FF5E9004CC4AF /* Project object */;
			proxyType = 1;
			remoteGlobalIDString = CF3E2C02274FF5E9004CC4AF;
			remoteInfo = "Desafio 3(CII-3)";
		};
		CF3E2C1A274FF5EA004CC4AF /* PBXContainerItemProxy */ = {
			isa = PBXContainerItemProxy;
			containerPortal = CF3E2BFB274FF5E9004CC4AF /* Project object */;
			proxyType = 1;
			remoteGlobalIDString = CF3E2C02274FF5E9004CC4AF;
			remoteInfo = "Desafio 3(CII-3)";
		};
/* End PBXContainerItemProxy section */

/* Begin PBXFileReference section */
		38427E1A7B998C8444A6974A /* Pods-Desafio 3(CII-3).debug.xcconfig */ = {isa = PBXFileReference; includeInIndex = 1; lastKnownFileType = text.xcconfig; name = "Pods-Desafio 3(CII-3).debug.xcconfig"; path = "Target Support Files/Pods-Desafio 3(CII-3)/Pods-Desafio 3(CII-3).debug.xcconfig"; sourceTree = "<group>"; };
		550BA99E30E844C55E5DA0BC /* Pods_Desafio_3_CII_3__Desafio_3_CII_3_UITests.framework */ = {isa = PBXFileReference; explicitFileType = wrapper.framework; includeInIndex = 0; path = Pods_Desafio_3_CII_3__Desafio_3_CII_3_UITests.framework; sourceTree = BUILT_PRODUCTS_DIR; };
		6EA6007E9BD05F6F0589B959 /* Pods-Desafio 3(CII-3)Tests.debug.xcconfig */ = {isa = PBXFileReference; includeInIndex = 1; lastKnownFileType = text.xcconfig; name = "Pods-Desafio 3(CII-3)Tests.debug.xcconfig"; path = "Target Support Files/Pods-Desafio 3(CII-3)Tests/Pods-Desafio 3(CII-3)Tests.debug.xcconfig"; sourceTree = "<group>"; };
		7D00C861275A9C03000E0F3C /* MoviesViewModel.swift */ = {isa = PBXFileReference; lastKnownFileType = sourcecode.swift; path = MoviesViewModel.swift; sourceTree = "<group>"; };
		7D676626275926AF0066CEC9 /* movies.json */ = {isa = PBXFileReference; fileEncoding = 4; lastKnownFileType = text.json; path = movies.json; sourceTree = "<group>"; };
		7D676628275935270066CEC9 /* ImagesAPIMoya.swift */ = {isa = PBXFileReference; lastKnownFileType = sourcecode.swift; path = ImagesAPIMoya.swift; sourceTree = "<group>"; };
		7D67F636275E95BD00F5DC7F /* MovieData.swift */ = {isa = PBXFileReference; lastKnownFileType = sourcecode.swift; path = MovieData.swift; sourceTree = "<group>"; };
		7D67F638275E9EED00F5DC7F /* Coordinator.swift */ = {isa = PBXFileReference; lastKnownFileType = sourcecode.swift; path = Coordinator.swift; sourceTree = "<group>"; };
		7D67F63A275E9F7E00F5DC7F /* Storyboarded.swift */ = {isa = PBXFileReference; lastKnownFileType = sourcecode.swift; path = Storyboarded.swift; sourceTree = "<group>"; };
		7D67F63C275EA14D00F5DC7F /* MainCoordinator.swift */ = {isa = PBXFileReference; lastKnownFileType = sourcecode.swift; path = MainCoordinator.swift; sourceTree = "<group>"; };
		7D8A1B0F8AD0E2A2513FECD8 /* Pods-Desafio 3(CII-3).release.xcconfig */ = {isa = PBXFileReference; includeInIndex = 1; lastKnownFileType = text.xcconfig; name = "Pods-Desafio 3(CII-3).release.xcconfig"; path = "Target Support Files/Pods-Desafio 3(CII-3)/Pods-Desafio 3(CII-3).release.xcconfig"; sourceTree = "<group>"; };
		7DB90231275FDF8500703458 /* OverviewCoordinator.swift */ = {isa = PBXFileReference; lastKnownFileType = sourcecode.swift; path = OverviewCoordinator.swift; sourceTree = "<group>"; };
		7DFF3689275E6B2E00FC9B20 /* MovieOverviewViewModel.swift */ = {isa = PBXFileReference; lastKnownFileType = sourcecode.swift; path = MovieOverviewViewModel.swift; sourceTree = "<group>"; };
		8944B7E4AFBECA2E7B28FC4B /* Pods_Desafio_3_CII_3_Tests.framework */ = {isa = PBXFileReference; explicitFileType = wrapper.framework; includeInIndex = 0; path = Pods_Desafio_3_CII_3_Tests.framework; sourceTree = BUILT_PRODUCTS_DIR; };
		8F1220037E7053FDEF823B83 /* Pods-Desafio 3(CII-3)-Desafio 3(CII-3)UITests.debug.xcconfig */ = {isa = PBXFileReference; includeInIndex = 1; lastKnownFileType = text.xcconfig; name = "Pods-Desafio 3(CII-3)-Desafio 3(CII-3)UITests.debug.xcconfig"; path = "Target Support Files/Pods-Desafio 3(CII-3)-Desafio 3(CII-3)UITests/Pods-Desafio 3(CII-3)-Desafio 3(CII-3)UITests.debug.xcconfig"; sourceTree = "<group>"; };
		A6C294FF8107E178E926C7C6 /* Pods-Desafio 3(CII-3)Tests.release.xcconfig */ = {isa = PBXFileReference; includeInIndex = 1; lastKnownFileType = text.xcconfig; name = "Pods-Desafio 3(CII-3)Tests.release.xcconfig"; path = "Target Support Files/Pods-Desafio 3(CII-3)Tests/Pods-Desafio 3(CII-3)Tests.release.xcconfig"; sourceTree = "<group>"; };
		CF06B92227553CB0007BA01D /* Dates.swift */ = {isa = PBXFileReference; lastKnownFileType = sourcecode.swift; path = Dates.swift; sourceTree = "<group>"; };
		CF0943D727580C9F00395B9F /* MoviesAPIMoya.swift */ = {isa = PBXFileReference; fileEncoding = 4; lastKnownFileType = sourcecode.swift; path = MoviesAPIMoya.swift; sourceTree = "<group>"; };
		CF0943EA275820F700395B9F /* BundleExtension.swift */ = {isa = PBXFileReference; lastKnownFileType = sourcecode.swift; path = BundleExtension.swift; sourceTree = "<group>"; };
		CF1EF034275155B9005783B5 /* Desafio 3(CII-3)UITests.xctest */ = {isa = PBXFileReference; explicitFileType = wrapper.cfbundle; includeInIndex = 0; path = "Desafio 3(CII-3)UITests.xctest"; sourceTree = BUILT_PRODUCTS_DIR; };
		CF1EF036275155B9005783B5 /* Desafio_3_CII_3_UITests.swift */ = {isa = PBXFileReference; lastKnownFileType = sourcecode.swift; path = Desafio_3_CII_3_UITests.swift; sourceTree = "<group>"; };
		CF1EF038275155B9005783B5 /* Info.plist */ = {isa = PBXFileReference; lastKnownFileType = text.plist.xml; path = Info.plist; sourceTree = "<group>"; };
		CF1EF04127515E13005783B5 /* MoviesOverview.swift */ = {isa = PBXFileReference; fileEncoding = 4; lastKnownFileType = sourcecode.swift; path = MoviesOverview.swift; sourceTree = "<group>"; };
		CF1EF04627515E29005783B5 /* MovieResult.swift */ = {isa = PBXFileReference; lastKnownFileType = sourcecode.swift; path = MovieResult.swift; sourceTree = "<group>"; };
		CF3E2C03274FF5E9004CC4AF /* Desafio 3(CII-3).app */ = {isa = PBXFileReference; explicitFileType = wrapper.application; includeInIndex = 0; path = "Desafio 3(CII-3).app"; sourceTree = BUILT_PRODUCTS_DIR; };
		CF3E2C06274FF5E9004CC4AF /* AppDelegate.swift */ = {isa = PBXFileReference; lastKnownFileType = sourcecode.swift; path = AppDelegate.swift; sourceTree = "<group>"; };
		CF3E2C08274FF5E9004CC4AF /* SceneDelegate.swift */ = {isa = PBXFileReference; lastKnownFileType = sourcecode.swift; path = SceneDelegate.swift; sourceTree = "<group>"; };
		CF3E2C0D274FF5E9004CC4AF /* Base */ = {isa = PBXFileReference; lastKnownFileType = file.storyboard; name = Base; path = Base.lproj/Main.storyboard; sourceTree = "<group>"; };
		CF3E2C12274FF5EA004CC4AF /* Base */ = {isa = PBXFileReference; lastKnownFileType = file.storyboard; name = Base; path = Base.lproj/LaunchScreen.storyboard; sourceTree = "<group>"; };
		CF3E2C14274FF5EA004CC4AF /* Info.plist */ = {isa = PBXFileReference; lastKnownFileType = text.plist.xml; path = Info.plist; sourceTree = "<group>"; };
		CF3E2C19274FF5EA004CC4AF /* Desafio 3(CII-3)Tests.xctest */ = {isa = PBXFileReference; explicitFileType = wrapper.cfbundle; includeInIndex = 0; path = "Desafio 3(CII-3)Tests.xctest"; sourceTree = BUILT_PRODUCTS_DIR; };
		CF3E2C41274FFB21004CC4AF /* Assets.xcassets */ = {isa = PBXFileReference; lastKnownFileType = folder.assetcatalog; path = Assets.xcassets; sourceTree = "<group>"; };
		CF3E2C49274FFD9A004CC4AF /* MoviesViewController.swift */ = {isa = PBXFileReference; lastKnownFileType = sourcecode.swift; path = MoviesViewController.swift; sourceTree = "<group>"; };
		CF3E2C56275000D6004CC4AF /* MovieCollectionViewCell.swift */ = {isa = PBXFileReference; lastKnownFileType = sourcecode.swift; path = MovieCollectionViewCell.swift; sourceTree = "<group>"; };
		CF3E2C6D27501478004CC4AF /* MovieDetailsViewController.swift */ = {isa = PBXFileReference; lastKnownFileType = sourcecode.swift; path = MovieDetailsViewController.swift; sourceTree = "<group>"; };
		CFBD7069864496C815F39C01 /* Pods-Desafio 3(CII-3)-Desafio 3(CII-3)UITests.release.xcconfig */ = {isa = PBXFileReference; includeInIndex = 1; lastKnownFileType = text.xcconfig; name = "Pods-Desafio 3(CII-3)-Desafio 3(CII-3)UITests.release.xcconfig"; path = "Target Support Files/Pods-Desafio 3(CII-3)-Desafio 3(CII-3)UITests/Pods-Desafio 3(CII-3)-Desafio 3(CII-3)UITests.release.xcconfig"; sourceTree = "<group>"; };
		DA2BE68F49EEC186407AB59D /* Pods_Desafio_3_CII_3_.framework */ = {isa = PBXFileReference; explicitFileType = wrapper.framework; includeInIndex = 0; path = Pods_Desafio_3_CII_3_.framework; sourceTree = BUILT_PRODUCTS_DIR; };
/* End PBXFileReference section */

/* Begin PBXFrameworksBuildPhase section */
		CF1EF031275155B9005783B5 /* Frameworks */ = {
			isa = PBXFrameworksBuildPhase;
			buildActionMask = 2147483647;
			files = (
				548CCC6CA90EC094DCCB2F8F /* Pods_Desafio_3_CII_3__Desafio_3_CII_3_UITests.framework in Frameworks */,
			);
			runOnlyForDeploymentPostprocessing = 0;
		};
		CF3E2C00274FF5E9004CC4AF /* Frameworks */ = {
			isa = PBXFrameworksBuildPhase;
			buildActionMask = 2147483647;
			files = (
				3F5542CE22422A58415A9877 /* Pods_Desafio_3_CII_3_.framework in Frameworks */,
			);
			runOnlyForDeploymentPostprocessing = 0;
		};
		CF3E2C16274FF5EA004CC4AF /* Frameworks */ = {
			isa = PBXFrameworksBuildPhase;
			buildActionMask = 2147483647;
			files = (
				BEB15AE6DF2562E21D6F2520 /* Pods_Desafio_3_CII_3_Tests.framework in Frameworks */,
			);
			runOnlyForDeploymentPostprocessing = 0;
		};
/* End PBXFrameworksBuildPhase section */

/* Begin PBXGroup section */
		6E946F735D820500E385A2EE /* Frameworks */ = {
			isa = PBXGroup;
			children = (
				DA2BE68F49EEC186407AB59D /* Pods_Desafio_3_CII_3_.framework */,
				550BA99E30E844C55E5DA0BC /* Pods_Desafio_3_CII_3__Desafio_3_CII_3_UITests.framework */,
				8944B7E4AFBECA2E7B28FC4B /* Pods_Desafio_3_CII_3_Tests.framework */,
			);
			name = Frameworks;
			sourceTree = "<group>";
		};
		7D00C85F275A7B50000E0F3C /* Sources */ = {
			isa = PBXGroup;
			children = (
				7DB9022B275FDE8C00703458 /* API */,
				7DB9022D275FDF1C00703458 /* Storyboard */,
				7DB9022C275FDEA600703458 /* BaseClasses */,
				7DB90226275FDDDA00703458 /* MoviesScreen */,
				7DB9022E275FDF2D00703458 /* MovieOverviewScreen */,
				7D67662A27594B8E0066CEC9 /* Extensions */,
				7D67662E27594D7A0066CEC9 /* Support Files */,
				CF0943D027580B4400395B9F /* Services */,
			);
			path = Sources;
			sourceTree = "<group>";
		};
		7D67662A27594B8E0066CEC9 /* Extensions */ = {
			isa = PBXGroup;
			children = (
				CF0943EA275820F700395B9F /* BundleExtension.swift */,
			);
			path = Extensions;
			sourceTree = "<group>";
		};
		7D67662C27594CC00066CEC9 /* Mocks */ = {
			isa = PBXGroup;
			children = (
				7D676626275926AF0066CEC9 /* movies.json */,
			);
			path = Mocks;
			sourceTree = "<group>";
		};
		7D67662D27594CCB0066CEC9 /* Assets */ = {
			isa = PBXGroup;
			children = (
				CF3E2C41274FFB21004CC4AF /* Assets.xcassets */,
			);
			path = Assets;
			sourceTree = "<group>";
		};
		7D67662E27594D7A0066CEC9 /* Support Files */ = {
			isa = PBXGroup;
			children = (
				7D67662F27594DA70066CEC9 /* Base */,
				CF3E2C06274FF5E9004CC4AF /* AppDelegate.swift */,
				CF3E2C08274FF5E9004CC4AF /* SceneDelegate.swift */,
			);
			path = "Support Files";
			sourceTree = "<group>";
		};
		7D67662F27594DA70066CEC9 /* Base */ = {
			isa = PBXGroup;
			children = (
				CF3E2C11274FF5EA004CC4AF /* LaunchScreen.storyboard */,
			);
			path = Base;
			sourceTree = "<group>";
		};
		7DB90226275FDDDA00703458 /* MoviesScreen */ = {
			isa = PBXGroup;
			children = (
				7DB9022A275FDE7900703458 /* Coordinator */,
				7DB90229275FDE6800703458 /* ViewModel */,
				7DB90228275FDE2900703458 /* View */,
				7DB90227275FDDEE00703458 /* Model */,
			);
			path = MoviesScreen;
			sourceTree = "<group>";
		};
		7DB90227275FDDEE00703458 /* Model */ = {
			isa = PBXGroup;
			children = (
				7D67F636275E95BD00F5DC7F /* MovieData.swift */,
			);
			path = Model;
			sourceTree = "<group>";
		};
		7DB90228275FDE2900703458 /* View */ = {
			isa = PBXGroup;
			children = (
				CF3E2C56275000D6004CC4AF /* MovieCollectionViewCell.swift */,
				CF3E2C49274FFD9A004CC4AF /* MoviesViewController.swift */,
			);
			path = View;
			sourceTree = "<group>";
		};
		7DB90229275FDE6800703458 /* ViewModel */ = {
			isa = PBXGroup;
			children = (
				7D00C861275A9C03000E0F3C /* MoviesViewModel.swift */,
			);
			path = ViewModel;
			sourceTree = "<group>";
		};
		7DB9022A275FDE7900703458 /* Coordinator */ = {
			isa = PBXGroup;
			children = (
				7D67F63C275EA14D00F5DC7F /* MainCoordinator.swift */,
				7DB90231275FDF8500703458 /* OverviewCoordinator.swift */,
			);
			path = Coordinator;
			sourceTree = "<group>";
		};
		7DB9022B275FDE8C00703458 /* API */ = {
			isa = PBXGroup;
			children = (
				CF1EF04127515E13005783B5 /* MoviesOverview.swift */,
				CF1EF04627515E29005783B5 /* MovieResult.swift */,
				CF06B92227553CB0007BA01D /* Dates.swift */,
			);
			path = API;
			sourceTree = "<group>";
		};
		7DB9022C275FDEA600703458 /* BaseClasses */ = {
			isa = PBXGroup;
			children = (
				7D67F638275E9EED00F5DC7F /* Coordinator.swift */,
				7D67F63A275E9F7E00F5DC7F /* Storyboarded.swift */,
			);
			path = BaseClasses;
			sourceTree = "<group>";
		};
		7DB9022D275FDF1C00703458 /* Storyboard */ = {
			isa = PBXGroup;
			children = (
				CF3E2C0C274FF5E9004CC4AF /* Main.storyboard */,
			);
			path = Storyboard;
			sourceTree = "<group>";
		};
		7DB9022E275FDF2D00703458 /* MovieOverviewScreen */ = {
			isa = PBXGroup;
			children = (
				7DB9022F275FDF6700703458 /* View */,
				7DB90230275FDF7400703458 /* ViewModel */,
			);
			path = MovieOverviewScreen;
			sourceTree = "<group>";
		};
		7DB9022F275FDF6700703458 /* View */ = {
			isa = PBXGroup;
			children = (
				CF3E2C6D27501478004CC4AF /* MovieDetailsViewController.swift */,
			);
			path = View;
			sourceTree = "<group>";
		};
		7DB90230275FDF7400703458 /* ViewModel */ = {
			isa = PBXGroup;
			children = (
				7DFF3689275E6B2E00FC9B20 /* MovieOverviewViewModel.swift */,
			);
			path = ViewModel;
			sourceTree = "<group>";
		};
		CF0943D027580B4400395B9F /* Services */ = {
			isa = PBXGroup;
			children = (
				CF0943D727580C9F00395B9F /* MoviesAPIMoya.swift */,
				7D676628275935270066CEC9 /* ImagesAPIMoya.swift */,
			);
			path = Services;
			sourceTree = "<group>";
		};
		CF0943EF275821E600395B9F /* Resources */ = {
			isa = PBXGroup;
			children = (
				7D67662D27594CCB0066CEC9 /* Assets */,
				7D67662C27594CC00066CEC9 /* Mocks */,
			);
			path = Resources;
			sourceTree = "<group>";
		};
		CF1EF035275155B9005783B5 /* Desafio 3(CII-3)UITests */ = {
			isa = PBXGroup;
			children = (
				CF1EF036275155B9005783B5 /* Desafio_3_CII_3_UITests.swift */,
				CF1EF038275155B9005783B5 /* Info.plist */,
			);
			path = "Desafio 3(CII-3)UITests";
			sourceTree = "<group>";
		};
		CF3E2BFA274FF5E9004CC4AF = {
			isa = PBXGroup;
			children = (
				CF3E2C05274FF5E9004CC4AF /* Desafio 3(CII-3) */,
				CF1EF035275155B9005783B5 /* Desafio 3(CII-3)UITests */,
				CF3E2C04274FF5E9004CC4AF /* Products */,
				D3FC162A784E8C4754DDFB15 /* Pods */,
				6E946F735D820500E385A2EE /* Frameworks */,
			);
			sourceTree = "<group>";
		};
		CF3E2C04274FF5E9004CC4AF /* Products */ = {
			isa = PBXGroup;
			children = (
				CF3E2C03274FF5E9004CC4AF /* Desafio 3(CII-3).app */,
				CF3E2C19274FF5EA004CC4AF /* Desafio 3(CII-3)Tests.xctest */,
				CF1EF034275155B9005783B5 /* Desafio 3(CII-3)UITests.xctest */,
			);
			name = Products;
			sourceTree = "<group>";
		};
		CF3E2C05274FF5E9004CC4AF /* Desafio 3(CII-3) */ = {
			isa = PBXGroup;
			children = (
				7D00C85F275A7B50000E0F3C /* Sources */,
				CF0943EF275821E600395B9F /* Resources */,
				CF3E2C14274FF5EA004CC4AF /* Info.plist */,
			);
			path = "Desafio 3(CII-3)";
			sourceTree = "<group>";
		};
		D3FC162A784E8C4754DDFB15 /* Pods */ = {
			isa = PBXGroup;
			children = (
				38427E1A7B998C8444A6974A /* Pods-Desafio 3(CII-3).debug.xcconfig */,
				7D8A1B0F8AD0E2A2513FECD8 /* Pods-Desafio 3(CII-3).release.xcconfig */,
				8F1220037E7053FDEF823B83 /* Pods-Desafio 3(CII-3)-Desafio 3(CII-3)UITests.debug.xcconfig */,
				CFBD7069864496C815F39C01 /* Pods-Desafio 3(CII-3)-Desafio 3(CII-3)UITests.release.xcconfig */,
				6EA6007E9BD05F6F0589B959 /* Pods-Desafio 3(CII-3)Tests.debug.xcconfig */,
				A6C294FF8107E178E926C7C6 /* Pods-Desafio 3(CII-3)Tests.release.xcconfig */,
			);
			path = Pods;
			sourceTree = "<group>";
		};
/* End PBXGroup section */

/* Begin PBXNativeTarget section */
		CF1EF033275155B9005783B5 /* Desafio 3(CII-3)UITests */ = {
			isa = PBXNativeTarget;
			buildConfigurationList = CF1EF03B275155B9005783B5 /* Build configuration list for PBXNativeTarget "Desafio 3(CII-3)UITests" */;
			buildPhases = (
				2C75EF1C79BDD93CB17174C2 /* [CP] Check Pods Manifest.lock */,
				CF1EF030275155B9005783B5 /* Sources */,
				CF1EF031275155B9005783B5 /* Frameworks */,
				CF1EF032275155B9005783B5 /* Resources */,
				D5047C992FB790F19E3AD8E2 /* [CP] Embed Pods Frameworks */,
			);
			buildRules = (
			);
			dependencies = (
				CF1EF03A275155B9005783B5 /* PBXTargetDependency */,
			);
			name = "Desafio 3(CII-3)UITests";
			productName = "Desafio 3(CII-3)UITests";
			productReference = CF1EF034275155B9005783B5 /* Desafio 3(CII-3)UITests.xctest */;
			productType = "com.apple.product-type.bundle.ui-testing";
		};
		CF3E2C02274FF5E9004CC4AF /* Desafio 3(CII-3) */ = {
			isa = PBXNativeTarget;
			buildConfigurationList = CF3E2C2D274FF5EA004CC4AF /* Build configuration list for PBXNativeTarget "Desafio 3(CII-3)" */;
			buildPhases = (
				647B5214AAA25B9B6AE0D135 /* [CP] Check Pods Manifest.lock */,
				CF3E2BFF274FF5E9004CC4AF /* Sources */,
				CF3E2C00274FF5E9004CC4AF /* Frameworks */,
				CF3E2C01274FF5E9004CC4AF /* Resources */,
				31F0B1BA9CA9D1EE62473BA1 /* [CP] Embed Pods Frameworks */,
			);
			buildRules = (
			);
			dependencies = (
			);
			name = "Desafio 3(CII-3)";
			productName = "Desafio 3(CII-3)";
			productReference = CF3E2C03274FF5E9004CC4AF /* Desafio 3(CII-3).app */;
			productType = "com.apple.product-type.application";
		};
		CF3E2C18274FF5EA004CC4AF /* Desafio 3(CII-3)Tests */ = {
			isa = PBXNativeTarget;
			buildConfigurationList = CF3E2C30274FF5EA004CC4AF /* Build configuration list for PBXNativeTarget "Desafio 3(CII-3)Tests" */;
			buildPhases = (
				70EEDB2BBF5DED0625EAC892 /* [CP] Check Pods Manifest.lock */,
				CF3E2C15274FF5EA004CC4AF /* Sources */,
				CF3E2C16274FF5EA004CC4AF /* Frameworks */,
				CF3E2C17274FF5EA004CC4AF /* Resources */,
			);
			buildRules = (
			);
			dependencies = (
				CF3E2C1B274FF5EA004CC4AF /* PBXTargetDependency */,
			);
			name = "Desafio 3(CII-3)Tests";
			productName = "Desafio 3(CII-3)Tests";
			productReference = CF3E2C19274FF5EA004CC4AF /* Desafio 3(CII-3)Tests.xctest */;
			productType = "com.apple.product-type.bundle.unit-test";
		};
/* End PBXNativeTarget section */

/* Begin PBXProject section */
		CF3E2BFB274FF5E9004CC4AF /* Project object */ = {
			isa = PBXProject;
			attributes = {
				LastSwiftUpdateCheck = 1240;
				LastUpgradeCheck = 1240;
				TargetAttributes = {
					CF1EF033275155B9005783B5 = {
						CreatedOnToolsVersion = 12.4;
						TestTargetID = CF3E2C02274FF5E9004CC4AF;
					};
					CF3E2C02274FF5E9004CC4AF = {
						CreatedOnToolsVersion = 12.4;
					};
					CF3E2C18274FF5EA004CC4AF = {
						CreatedOnToolsVersion = 12.4;
						TestTargetID = CF3E2C02274FF5E9004CC4AF;
					};
				};
			};
			buildConfigurationList = CF3E2BFE274FF5E9004CC4AF /* Build configuration list for PBXProject "Desafio 3(CII-3)" */;
			compatibilityVersion = "Xcode 9.3";
			developmentRegion = en;
			hasScannedForEncodings = 0;
			knownRegions = (
				en,
				Base,
			);
			mainGroup = CF3E2BFA274FF5E9004CC4AF;
			productRefGroup = CF3E2C04274FF5E9004CC4AF /* Products */;
			projectDirPath = "";
			projectRoot = "";
			targets = (
				CF3E2C02274FF5E9004CC4AF /* Desafio 3(CII-3) */,
				CF3E2C18274FF5EA004CC4AF /* Desafio 3(CII-3)Tests */,
				CF1EF033275155B9005783B5 /* Desafio 3(CII-3)UITests */,
			);
		};
/* End PBXProject section */

/* Begin PBXResourcesBuildPhase section */
		CF1EF032275155B9005783B5 /* Resources */ = {
			isa = PBXResourcesBuildPhase;
			buildActionMask = 2147483647;
			files = (
			);
			runOnlyForDeploymentPostprocessing = 0;
		};
		CF3E2C01274FF5E9004CC4AF /* Resources */ = {
			isa = PBXResourcesBuildPhase;
			buildActionMask = 2147483647;
			files = (
				CF3E2C13274FF5EA004CC4AF /* LaunchScreen.storyboard in Resources */,
				CF3E2C42274FFB21004CC4AF /* Assets.xcassets in Resources */,
				7D676627275926AF0066CEC9 /* movies.json in Resources */,
				CF3E2C0E274FF5E9004CC4AF /* Main.storyboard in Resources */,
			);
			runOnlyForDeploymentPostprocessing = 0;
		};
		CF3E2C17274FF5EA004CC4AF /* Resources */ = {
			isa = PBXResourcesBuildPhase;
			buildActionMask = 2147483647;
			files = (
			);
			runOnlyForDeploymentPostprocessing = 0;
		};
/* End PBXResourcesBuildPhase section */

/* Begin PBXShellScriptBuildPhase section */
		2C75EF1C79BDD93CB17174C2 /* [CP] Check Pods Manifest.lock */ = {
			isa = PBXShellScriptBuildPhase;
			buildActionMask = 2147483647;
			files = (
			);
			inputFileListPaths = (
			);
			inputPaths = (
				"${PODS_PODFILE_DIR_PATH}/Podfile.lock",
				"${PODS_ROOT}/Manifest.lock",
			);
			name = "[CP] Check Pods Manifest.lock";
			outputFileListPaths = (
			);
			outputPaths = (
				"$(DERIVED_FILE_DIR)/Pods-Desafio 3(CII-3)-Desafio 3(CII-3)UITests-checkManifestLockResult.txt",
			);
			runOnlyForDeploymentPostprocessing = 0;
			shellPath = /bin/sh;
			shellScript = "diff \"${PODS_PODFILE_DIR_PATH}/Podfile.lock\" \"${PODS_ROOT}/Manifest.lock\" > /dev/null\nif [ $? != 0 ] ; then\n    # print error to STDERR\n    echo \"error: The sandbox is not in sync with the Podfile.lock. Run 'pod install' or update your CocoaPods installation.\" >&2\n    exit 1\nfi\n# This output is used by Xcode 'outputs' to avoid re-running this script phase.\necho \"SUCCESS\" > \"${SCRIPT_OUTPUT_FILE_0}\"\n";
			showEnvVarsInLog = 0;
		};
		31F0B1BA9CA9D1EE62473BA1 /* [CP] Embed Pods Frameworks */ = {
			isa = PBXShellScriptBuildPhase;
			buildActionMask = 2147483647;
			files = (
			);
			inputFileListPaths = (
				"${PODS_ROOT}/Target Support Files/Pods-Desafio 3(CII-3)/Pods-Desafio 3(CII-3)-frameworks-${CONFIGURATION}-input-files.xcfilelist",
			);
			name = "[CP] Embed Pods Frameworks";
			outputFileListPaths = (
				"${PODS_ROOT}/Target Support Files/Pods-Desafio 3(CII-3)/Pods-Desafio 3(CII-3)-frameworks-${CONFIGURATION}-output-files.xcfilelist",
			);
			runOnlyForDeploymentPostprocessing = 0;
			shellPath = /bin/sh;
			shellScript = "\"${PODS_ROOT}/Target Support Files/Pods-Desafio 3(CII-3)/Pods-Desafio 3(CII-3)-frameworks.sh\"\n";
			showEnvVarsInLog = 0;
		};
		647B5214AAA25B9B6AE0D135 /* [CP] Check Pods Manifest.lock */ = {
			isa = PBXShellScriptBuildPhase;
			buildActionMask = 2147483647;
			files = (
			);
			inputFileListPaths = (
			);
			inputPaths = (
				"${PODS_PODFILE_DIR_PATH}/Podfile.lock",
				"${PODS_ROOT}/Manifest.lock",
			);
			name = "[CP] Check Pods Manifest.lock";
			outputFileListPaths = (
			);
			outputPaths = (
				"$(DERIVED_FILE_DIR)/Pods-Desafio 3(CII-3)-checkManifestLockResult.txt",
			);
			runOnlyForDeploymentPostprocessing = 0;
			shellPath = /bin/sh;
			shellScript = "diff \"${PODS_PODFILE_DIR_PATH}/Podfile.lock\" \"${PODS_ROOT}/Manifest.lock\" > /dev/null\nif [ $? != 0 ] ; then\n    # print error to STDERR\n    echo \"error: The sandbox is not in sync with the Podfile.lock. Run 'pod install' or update your CocoaPods installation.\" >&2\n    exit 1\nfi\n# This output is used by Xcode 'outputs' to avoid re-running this script phase.\necho \"SUCCESS\" > \"${SCRIPT_OUTPUT_FILE_0}\"\n";
			showEnvVarsInLog = 0;
		};
		70EEDB2BBF5DED0625EAC892 /* [CP] Check Pods Manifest.lock */ = {
			isa = PBXShellScriptBuildPhase;
			buildActionMask = 2147483647;
			files = (
			);
			inputFileListPaths = (
			);
			inputPaths = (
				"${PODS_PODFILE_DIR_PATH}/Podfile.lock",
				"${PODS_ROOT}/Manifest.lock",
			);
			name = "[CP] Check Pods Manifest.lock";
			outputFileListPaths = (
			);
			outputPaths = (
				"$(DERIVED_FILE_DIR)/Pods-Desafio 3(CII-3)Tests-checkManifestLockResult.txt",
			);
			runOnlyForDeploymentPostprocessing = 0;
			shellPath = /bin/sh;
			shellScript = "diff \"${PODS_PODFILE_DIR_PATH}/Podfile.lock\" \"${PODS_ROOT}/Manifest.lock\" > /dev/null\nif [ $? != 0 ] ; then\n    # print error to STDERR\n    echo \"error: The sandbox is not in sync with the Podfile.lock. Run 'pod install' or update your CocoaPods installation.\" >&2\n    exit 1\nfi\n# This output is used by Xcode 'outputs' to avoid re-running this script phase.\necho \"SUCCESS\" > \"${SCRIPT_OUTPUT_FILE_0}\"\n";
			showEnvVarsInLog = 0;
		};
		D5047C992FB790F19E3AD8E2 /* [CP] Embed Pods Frameworks */ = {
			isa = PBXShellScriptBuildPhase;
			buildActionMask = 2147483647;
			files = (
			);
			inputFileListPaths = (
				"${PODS_ROOT}/Target Support Files/Pods-Desafio 3(CII-3)-Desafio 3(CII-3)UITests/Pods-Desafio 3(CII-3)-Desafio 3(CII-3)UITests-frameworks-${CONFIGURATION}-input-files.xcfilelist",
			);
			name = "[CP] Embed Pods Frameworks";
			outputFileListPaths = (
				"${PODS_ROOT}/Target Support Files/Pods-Desafio 3(CII-3)-Desafio 3(CII-3)UITests/Pods-Desafio 3(CII-3)-Desafio 3(CII-3)UITests-frameworks-${CONFIGURATION}-output-files.xcfilelist",
			);
			runOnlyForDeploymentPostprocessing = 0;
			shellPath = /bin/sh;
			shellScript = "\"${PODS_ROOT}/Target Support Files/Pods-Desafio 3(CII-3)-Desafio 3(CII-3)UITests/Pods-Desafio 3(CII-3)-Desafio 3(CII-3)UITests-frameworks.sh\"\n";
			showEnvVarsInLog = 0;
		};
/* End PBXShellScriptBuildPhase section */

/* Begin PBXSourcesBuildPhase section */
		CF1EF030275155B9005783B5 /* Sources */ = {
			isa = PBXSourcesBuildPhase;
			buildActionMask = 2147483647;
			files = (
				CF1EF037275155B9005783B5 /* Desafio_3_CII_3_UITests.swift in Sources */,
			);
			runOnlyForDeploymentPostprocessing = 0;
		};
		CF3E2BFF274FF5E9004CC4AF /* Sources */ = {
			isa = PBXSourcesBuildPhase;
			buildActionMask = 2147483647;
			files = (
				7D67F63D275EA14D00F5DC7F /* MainCoordinator.swift in Sources */,
				7D676629275935270066CEC9 /* ImagesAPIMoya.swift in Sources */,
				CF3E2C4A274FFD9A004CC4AF /* MoviesViewController.swift in Sources */,
				7D67F639275E9EED00F5DC7F /* Coordinator.swift in Sources */,
				CF06B92327553CB0007BA01D /* Dates.swift in Sources */,
				CF3E2C07274FF5E9004CC4AF /* AppDelegate.swift in Sources */,
				7DFF368A275E6B2E00FC9B20 /* MovieOverviewViewModel.swift in Sources */,
				7DB90232275FDF8500703458 /* OverviewCoordinator.swift in Sources */,
				CF3E2C09274FF5E9004CC4AF /* SceneDelegate.swift in Sources */,
				CF3E2C6E27501478004CC4AF /* MovieDetailsViewController.swift in Sources */,
				CF0943D827580C9F00395B9F /* MoviesAPIMoya.swift in Sources */,
				7D00C862275A9C03000E0F3C /* MoviesViewModel.swift in Sources */,
				CF1EF04227515E13005783B5 /* MoviesOverview.swift in Sources */,
				7D67F637275E95BD00F5DC7F /* MovieData.swift in Sources */,
				CF1EF04727515E29005783B5 /* MovieResult.swift in Sources */,
				CF3E2C57275000D6004CC4AF /* MovieCollectionViewCell.swift in Sources */,
				CF0943EB275820F700395B9F /* BundleExtension.swift in Sources */,
				7D67F63B275E9F7E00F5DC7F /* Storyboarded.swift in Sources */,
			);
			runOnlyForDeploymentPostprocessing = 0;
		};
		CF3E2C15274FF5EA004CC4AF /* Sources */ = {
			isa = PBXSourcesBuildPhase;
			buildActionMask = 2147483647;
			files = (
			);
			runOnlyForDeploymentPostprocessing = 0;
		};
/* End PBXSourcesBuildPhase section */

/* Begin PBXTargetDependency section */
		CF1EF03A275155B9005783B5 /* PBXTargetDependency */ = {
			isa = PBXTargetDependency;
			target = CF3E2C02274FF5E9004CC4AF /* Desafio 3(CII-3) */;
			targetProxy = CF1EF039275155B9005783B5 /* PBXContainerItemProxy */;
		};
		CF3E2C1B274FF5EA004CC4AF /* PBXTargetDependency */ = {
			isa = PBXTargetDependency;
			target = CF3E2C02274FF5E9004CC4AF /* Desafio 3(CII-3) */;
			targetProxy = CF3E2C1A274FF5EA004CC4AF /* PBXContainerItemProxy */;
		};
/* End PBXTargetDependency section */

/* Begin PBXVariantGroup section */
		CF3E2C0C274FF5E9004CC4AF /* Main.storyboard */ = {
			isa = PBXVariantGroup;
			children = (
				CF3E2C0D274FF5E9004CC4AF /* Base */,
			);
			name = Main.storyboard;
			sourceTree = "<group>";
		};
		CF3E2C11274FF5EA004CC4AF /* LaunchScreen.storyboard */ = {
			isa = PBXVariantGroup;
			children = (
				CF3E2C12274FF5EA004CC4AF /* Base */,
			);
			name = LaunchScreen.storyboard;
			sourceTree = "<group>";
		};
/* End PBXVariantGroup section */

/* Begin XCBuildConfiguration section */
		CF1EF03C275155B9005783B5 /* Debug */ = {
			isa = XCBuildConfiguration;
			baseConfigurationReference = 8F1220037E7053FDEF823B83 /* Pods-Desafio 3(CII-3)-Desafio 3(CII-3)UITests.debug.xcconfig */;
			buildSettings = {
				CODE_SIGN_STYLE = Automatic;
				INFOPLIST_FILE = "Desafio 3(CII-3)UITests/Info.plist";
				LD_RUNPATH_SEARCH_PATHS = (
					"$(inherited)",
					"@executable_path/Frameworks",
					"@loader_path/Frameworks",
				);
				PRODUCT_BUNDLE_IDENTIFIER = "com.ilia.estagio.Desafio-3-CII-3-UITests";
				PRODUCT_NAME = "$(TARGET_NAME)";
				SWIFT_VERSION = 5.0;
				TARGETED_DEVICE_FAMILY = "1,2";
				TEST_TARGET_NAME = "Desafio 3(CII-3)";
			};
			name = Debug;
		};
		CF1EF03D275155B9005783B5 /* Release */ = {
			isa = XCBuildConfiguration;
			baseConfigurationReference = CFBD7069864496C815F39C01 /* Pods-Desafio 3(CII-3)-Desafio 3(CII-3)UITests.release.xcconfig */;
			buildSettings = {
				CODE_SIGN_STYLE = Automatic;
				INFOPLIST_FILE = "Desafio 3(CII-3)UITests/Info.plist";
				LD_RUNPATH_SEARCH_PATHS = (
					"$(inherited)",
					"@executable_path/Frameworks",
					"@loader_path/Frameworks",
				);
				PRODUCT_BUNDLE_IDENTIFIER = "com.ilia.estagio.Desafio-3-CII-3-UITests";
				PRODUCT_NAME = "$(TARGET_NAME)";
				SWIFT_VERSION = 5.0;
				TARGETED_DEVICE_FAMILY = "1,2";
				TEST_TARGET_NAME = "Desafio 3(CII-3)";
			};
			name = Release;
		};
		CF3E2C2B274FF5EA004CC4AF /* Debug */ = {
			isa = XCBuildConfiguration;
			buildSettings = {
				ALWAYS_SEARCH_USER_PATHS = NO;
				CLANG_ANALYZER_NONNULL = YES;
				CLANG_ANALYZER_NUMBER_OBJECT_CONVERSION = YES_AGGRESSIVE;
				CLANG_CXX_LANGUAGE_STANDARD = "gnu++14";
				CLANG_CXX_LIBRARY = "libc++";
				CLANG_ENABLE_MODULES = YES;
				CLANG_ENABLE_OBJC_ARC = YES;
				CLANG_ENABLE_OBJC_WEAK = YES;
				CLANG_WARN_BLOCK_CAPTURE_AUTORELEASING = YES;
				CLANG_WARN_BOOL_CONVERSION = YES;
				CLANG_WARN_COMMA = YES;
				CLANG_WARN_CONSTANT_CONVERSION = YES;
				CLANG_WARN_DEPRECATED_OBJC_IMPLEMENTATIONS = YES;
				CLANG_WARN_DIRECT_OBJC_ISA_USAGE = YES_ERROR;
				CLANG_WARN_DOCUMENTATION_COMMENTS = YES;
				CLANG_WARN_EMPTY_BODY = YES;
				CLANG_WARN_ENUM_CONVERSION = YES;
				CLANG_WARN_INFINITE_RECURSION = YES;
				CLANG_WARN_INT_CONVERSION = YES;
				CLANG_WARN_NON_LITERAL_NULL_CONVERSION = YES;
				CLANG_WARN_OBJC_IMPLICIT_RETAIN_SELF = YES;
				CLANG_WARN_OBJC_LITERAL_CONVERSION = YES;
				CLANG_WARN_OBJC_ROOT_CLASS = YES_ERROR;
				CLANG_WARN_QUOTED_INCLUDE_IN_FRAMEWORK_HEADER = YES;
				CLANG_WARN_RANGE_LOOP_ANALYSIS = YES;
				CLANG_WARN_STRICT_PROTOTYPES = YES;
				CLANG_WARN_SUSPICIOUS_MOVE = YES;
				CLANG_WARN_UNGUARDED_AVAILABILITY = YES_AGGRESSIVE;
				CLANG_WARN_UNREACHABLE_CODE = YES;
				CLANG_WARN__DUPLICATE_METHOD_MATCH = YES;
				COPY_PHASE_STRIP = NO;
				DEBUG_INFORMATION_FORMAT = dwarf;
				ENABLE_STRICT_OBJC_MSGSEND = YES;
				ENABLE_TESTABILITY = YES;
				GCC_C_LANGUAGE_STANDARD = gnu11;
				GCC_DYNAMIC_NO_PIC = NO;
				GCC_NO_COMMON_BLOCKS = YES;
				GCC_OPTIMIZATION_LEVEL = 0;
				GCC_PREPROCESSOR_DEFINITIONS = (
					"DEBUG=1",
					"$(inherited)",
				);
				GCC_WARN_64_TO_32_BIT_CONVERSION = YES;
				GCC_WARN_ABOUT_RETURN_TYPE = YES_ERROR;
				GCC_WARN_UNDECLARED_SELECTOR = YES;
				GCC_WARN_UNINITIALIZED_AUTOS = YES_AGGRESSIVE;
				GCC_WARN_UNUSED_FUNCTION = YES;
				GCC_WARN_UNUSED_VARIABLE = YES;
				IPHONEOS_DEPLOYMENT_TARGET = 14.4;
				MTL_ENABLE_DEBUG_INFO = INCLUDE_SOURCE;
				MTL_FAST_MATH = YES;
				ONLY_ACTIVE_ARCH = YES;
				SDKROOT = iphoneos;
				SWIFT_ACTIVE_COMPILATION_CONDITIONS = DEBUG;
				SWIFT_OPTIMIZATION_LEVEL = "-Onone";
			};
			name = Debug;
		};
		CF3E2C2C274FF5EA004CC4AF /* Release */ = {
			isa = XCBuildConfiguration;
			buildSettings = {
				ALWAYS_SEARCH_USER_PATHS = NO;
				CLANG_ANALYZER_NONNULL = YES;
				CLANG_ANALYZER_NUMBER_OBJECT_CONVERSION = YES_AGGRESSIVE;
				CLANG_CXX_LANGUAGE_STANDARD = "gnu++14";
				CLANG_CXX_LIBRARY = "libc++";
				CLANG_ENABLE_MODULES = YES;
				CLANG_ENABLE_OBJC_ARC = YES;
				CLANG_ENABLE_OBJC_WEAK = YES;
				CLANG_WARN_BLOCK_CAPTURE_AUTORELEASING = YES;
				CLANG_WARN_BOOL_CONVERSION = YES;
				CLANG_WARN_COMMA = YES;
				CLANG_WARN_CONSTANT_CONVERSION = YES;
				CLANG_WARN_DEPRECATED_OBJC_IMPLEMENTATIONS = YES;
				CLANG_WARN_DIRECT_OBJC_ISA_USAGE = YES_ERROR;
				CLANG_WARN_DOCUMENTATION_COMMENTS = YES;
				CLANG_WARN_EMPTY_BODY = YES;
				CLANG_WARN_ENUM_CONVERSION = YES;
				CLANG_WARN_INFINITE_RECURSION = YES;
				CLANG_WARN_INT_CONVERSION = YES;
				CLANG_WARN_NON_LITERAL_NULL_CONVERSION = YES;
				CLANG_WARN_OBJC_IMPLICIT_RETAIN_SELF = YES;
				CLANG_WARN_OBJC_LITERAL_CONVERSION = YES;
				CLANG_WARN_OBJC_ROOT_CLASS = YES_ERROR;
				CLANG_WARN_QUOTED_INCLUDE_IN_FRAMEWORK_HEADER = YES;
				CLANG_WARN_RANGE_LOOP_ANALYSIS = YES;
				CLANG_WARN_STRICT_PROTOTYPES = YES;
				CLANG_WARN_SUSPICIOUS_MOVE = YES;
				CLANG_WARN_UNGUARDED_AVAILABILITY = YES_AGGRESSIVE;
				CLANG_WARN_UNREACHABLE_CODE = YES;
				CLANG_WARN__DUPLICATE_METHOD_MATCH = YES;
				COPY_PHASE_STRIP = NO;
				DEBUG_INFORMATION_FORMAT = "dwarf-with-dsym";
				ENABLE_NS_ASSERTIONS = NO;
				ENABLE_STRICT_OBJC_MSGSEND = YES;
				GCC_C_LANGUAGE_STANDARD = gnu11;
				GCC_NO_COMMON_BLOCKS = YES;
				GCC_WARN_64_TO_32_BIT_CONVERSION = YES;
				GCC_WARN_ABOUT_RETURN_TYPE = YES_ERROR;
				GCC_WARN_UNDECLARED_SELECTOR = YES;
				GCC_WARN_UNINITIALIZED_AUTOS = YES_AGGRESSIVE;
				GCC_WARN_UNUSED_FUNCTION = YES;
				GCC_WARN_UNUSED_VARIABLE = YES;
				IPHONEOS_DEPLOYMENT_TARGET = 14.4;
				MTL_ENABLE_DEBUG_INFO = NO;
				MTL_FAST_MATH = YES;
				SDKROOT = iphoneos;
				SWIFT_COMPILATION_MODE = wholemodule;
				SWIFT_OPTIMIZATION_LEVEL = "-O";
				VALIDATE_PRODUCT = YES;
			};
			name = Release;
		};
		CF3E2C2E274FF5EA004CC4AF /* Debug */ = {
			isa = XCBuildConfiguration;
			baseConfigurationReference = 38427E1A7B998C8444A6974A /* Pods-Desafio 3(CII-3).debug.xcconfig */;
			buildSettings = {
				ASSETCATALOG_COMPILER_APPICON_NAME = AppIcon;
				ASSETCATALOG_COMPILER_GLOBAL_ACCENT_COLOR_NAME = AccentColor;
				CODE_SIGN_STYLE = Automatic;
				INFOPLIST_FILE = "Desafio 3(CII-3)/Info.plist";
				LD_RUNPATH_SEARCH_PATHS = (
					"$(inherited)",
					"@executable_path/Frameworks",
				);
				PRODUCT_BUNDLE_IDENTIFIER = "com.ilia.estagio.Desafio-3-CII-3-";
				PRODUCT_NAME = "$(TARGET_NAME)";
				SWIFT_VERSION = 5.0;
				TARGETED_DEVICE_FAMILY = "1,2";
			};
			name = Debug;
		};
		CF3E2C2F274FF5EA004CC4AF /* Release */ = {
			isa = XCBuildConfiguration;
			baseConfigurationReference = 7D8A1B0F8AD0E2A2513FECD8 /* Pods-Desafio 3(CII-3).release.xcconfig */;
			buildSettings = {
				ASSETCATALOG_COMPILER_APPICON_NAME = AppIcon;
				ASSETCATALOG_COMPILER_GLOBAL_ACCENT_COLOR_NAME = AccentColor;
				CODE_SIGN_STYLE = Automatic;
				INFOPLIST_FILE = "Desafio 3(CII-3)/Info.plist";
				LD_RUNPATH_SEARCH_PATHS = (
					"$(inherited)",
					"@executable_path/Frameworks",
				);
				PRODUCT_BUNDLE_IDENTIFIER = "com.ilia.estagio.Desafio-3-CII-3-";
				PRODUCT_NAME = "$(TARGET_NAME)";
				SWIFT_VERSION = 5.0;
				TARGETED_DEVICE_FAMILY = "1,2";
			};
			name = Release;
		};
		CF3E2C31274FF5EA004CC4AF /* Debug */ = {
			isa = XCBuildConfiguration;
			baseConfigurationReference = 6EA6007E9BD05F6F0589B959 /* Pods-Desafio 3(CII-3)Tests.debug.xcconfig */;
			buildSettings = {
				ALWAYS_EMBED_SWIFT_STANDARD_LIBRARIES = YES;
				BUNDLE_LOADER = "$(TEST_HOST)";
				CODE_SIGN_STYLE = Automatic;
				INFOPLIST_FILE = "Desafio 3(CII-3)Tests/Info.plist";
				IPHONEOS_DEPLOYMENT_TARGET = 14.4;
				LD_RUNPATH_SEARCH_PATHS = (
					"$(inherited)",
					"@executable_path/Frameworks",
					"@loader_path/Frameworks",
				);
				PRODUCT_BUNDLE_IDENTIFIER = "com.ilia.estagio.Desafio-3-CII-3-Tests";
				PRODUCT_NAME = "$(TARGET_NAME)";
				SWIFT_VERSION = 5.0;
				TARGETED_DEVICE_FAMILY = "1,2";
				TEST_HOST = "$(BUILT_PRODUCTS_DIR)/Desafio 3(CII-3).app/Desafio 3(CII-3)";
			};
			name = Debug;
		};
		CF3E2C32274FF5EA004CC4AF /* Release */ = {
			isa = XCBuildConfiguration;
			baseConfigurationReference = A6C294FF8107E178E926C7C6 /* Pods-Desafio 3(CII-3)Tests.release.xcconfig */;
			buildSettings = {
				ALWAYS_EMBED_SWIFT_STANDARD_LIBRARIES = YES;
				BUNDLE_LOADER = "$(TEST_HOST)";
				CODE_SIGN_STYLE = Automatic;
				INFOPLIST_FILE = "Desafio 3(CII-3)Tests/Info.plist";
				IPHONEOS_DEPLOYMENT_TARGET = 14.4;
				LD_RUNPATH_SEARCH_PATHS = (
					"$(inherited)",
					"@executable_path/Frameworks",
					"@loader_path/Frameworks",
				);
				PRODUCT_BUNDLE_IDENTIFIER = "com.ilia.estagio.Desafio-3-CII-3-Tests";
				PRODUCT_NAME = "$(TARGET_NAME)";
				SWIFT_VERSION = 5.0;
				TARGETED_DEVICE_FAMILY = "1,2";
				TEST_HOST = "$(BUILT_PRODUCTS_DIR)/Desafio 3(CII-3).app/Desafio 3(CII-3)";
			};
			name = Release;
		};
/* End XCBuildConfiguration section */

/* Begin XCConfigurationList section */
		CF1EF03B275155B9005783B5 /* Build configuration list for PBXNativeTarget "Desafio 3(CII-3)UITests" */ = {
			isa = XCConfigurationList;
			buildConfigurations = (
				CF1EF03C275155B9005783B5 /* Debug */,
				CF1EF03D275155B9005783B5 /* Release */,
			);
			defaultConfigurationIsVisible = 0;
			defaultConfigurationName = Release;
		};
		CF3E2BFE274FF5E9004CC4AF /* Build configuration list for PBXProject "Desafio 3(CII-3)" */ = {
			isa = XCConfigurationList;
			buildConfigurations = (
				CF3E2C2B274FF5EA004CC4AF /* Debug */,
				CF3E2C2C274FF5EA004CC4AF /* Release */,
			);
			defaultConfigurationIsVisible = 0;
			defaultConfigurationName = Release;
		};
		CF3E2C2D274FF5EA004CC4AF /* Build configuration list for PBXNativeTarget "Desafio 3(CII-3)" */ = {
			isa = XCConfigurationList;
			buildConfigurations = (
				CF3E2C2E274FF5EA004CC4AF /* Debug */,
				CF3E2C2F274FF5EA004CC4AF /* Release */,
			);
			defaultConfigurationIsVisible = 0;
			defaultConfigurationName = Release;
		};
		CF3E2C30274FF5EA004CC4AF /* Build configuration list for PBXNativeTarget "Desafio 3(CII-3)Tests" */ = {
			isa = XCConfigurationList;
			buildConfigurations = (
				CF3E2C31274FF5EA004CC4AF /* Debug */,
				CF3E2C32274FF5EA004CC4AF /* Release */,
			);
			defaultConfigurationIsVisible = 0;
			defaultConfigurationName = Release;
		};
/* End XCConfigurationList section */
	};
	rootObject = CF3E2BFB274FF5E9004CC4AF /* Project object */;
}
