// !$*UTF8*$!
{
	archiveVersion = 1;
	classes = {
	};
	objectVersion = 50;
	objects = {

/* Begin PBXBuildFile section */
		4155C8E6B825161B5B70A340 /* libPods-MoviesChallenge.a in Frameworks */ = {isa = PBXBuildFile; fileRef = 86031261548EA9CBD67717CD /* libPods-MoviesChallenge.a */; };
		6D0870E82426EF530059C10A /* MovieTableViewCell.swift in Sources */ = {isa = PBXBuildFile; fileRef = 6D0870E72426EF530059C10A /* MovieTableViewCell.swift */; };
		6D0870EC2426F0C70059C10A /* Movie.swift in Sources */ = {isa = PBXBuildFile; fileRef = 6D0870EB2426F0C70059C10A /* Movie.swift */; };
		6D0870EE242715A20059C10A /* API.swift in Sources */ = {isa = PBXBuildFile; fileRef = 6D0870ED242715A20059C10A /* API.swift */; };
		6D0870F224271BAE0059C10A /* MoviesTableViewModel.swift in Sources */ = {isa = PBXBuildFile; fileRef = 6D0870F124271BAE0059C10A /* MoviesTableViewModel.swift */; };
		6D3F1F3D24269B6F00121C04 /* AppDelegate.swift in Sources */ = {isa = PBXBuildFile; fileRef = 6D3F1F3C24269B6F00121C04 /* AppDelegate.swift */; };
		6D3F1F3F24269B6F00121C04 /* SceneDelegate.swift in Sources */ = {isa = PBXBuildFile; fileRef = 6D3F1F3E24269B6F00121C04 /* SceneDelegate.swift */; };
		6D3F1F4424269B6F00121C04 /* Main.storyboard in Resources */ = {isa = PBXBuildFile; fileRef = 6D3F1F4224269B6F00121C04 /* Main.storyboard */; };
		6D3F1F4624269B7300121C04 /* Assets.xcassets in Resources */ = {isa = PBXBuildFile; fileRef = 6D3F1F4524269B7300121C04 /* Assets.xcassets */; };
		6D3F1F4924269B7300121C04 /* LaunchScreen.storyboard in Resources */ = {isa = PBXBuildFile; fileRef = 6D3F1F4724269B7300121C04 /* LaunchScreen.storyboard */; };
		6DB62DA82426D4AF00D8457D /* MoviesTableViewController.swift in Sources */ = {isa = PBXBuildFile; fileRef = 6DB62DA72426D4AF00D8457D /* MoviesTableViewController.swift */; };
		6DB62DAB2426D51700D8457D /* Coordinator.swift in Sources */ = {isa = PBXBuildFile; fileRef = 6DB62DAA2426D51700D8457D /* Coordinator.swift */; };
		6DB62DAD2426D58B00D8457D /* Storyboarded.swift in Sources */ = {isa = PBXBuildFile; fileRef = 6DB62DAC2426D58B00D8457D /* Storyboarded.swift */; };
		6DB62DB02426D69600D8457D /* MainCoordinator.swift in Sources */ = {isa = PBXBuildFile; fileRef = 6DB62DAF2426D69500D8457D /* MainCoordinator.swift */; };
/* End PBXBuildFile section */

/* Begin PBXFileReference section */
		6D0870E72426EF530059C10A /* MovieTableViewCell.swift */ = {isa = PBXFileReference; lastKnownFileType = sourcecode.swift; path = MovieTableViewCell.swift; sourceTree = "<group>"; };
		6D0870EB2426F0C70059C10A /* Movie.swift */ = {isa = PBXFileReference; lastKnownFileType = sourcecode.swift; path = Movie.swift; sourceTree = "<group>"; };
		6D0870ED242715A20059C10A /* API.swift */ = {isa = PBXFileReference; lastKnownFileType = sourcecode.swift; path = API.swift; sourceTree = "<group>"; };
		6D0870F124271BAE0059C10A /* MoviesTableViewModel.swift */ = {isa = PBXFileReference; lastKnownFileType = sourcecode.swift; path = MoviesTableViewModel.swift; sourceTree = "<group>"; };
		6D3F1F3924269B6F00121C04 /* MoviesChallenge.app */ = {isa = PBXFileReference; explicitFileType = wrapper.application; includeInIndex = 0; path = MoviesChallenge.app; sourceTree = BUILT_PRODUCTS_DIR; };
		6D3F1F3C24269B6F00121C04 /* AppDelegate.swift */ = {isa = PBXFileReference; lastKnownFileType = sourcecode.swift; path = AppDelegate.swift; sourceTree = "<group>"; };
		6D3F1F3E24269B6F00121C04 /* SceneDelegate.swift */ = {isa = PBXFileReference; lastKnownFileType = sourcecode.swift; path = SceneDelegate.swift; sourceTree = "<group>"; };
		6D3F1F4324269B6F00121C04 /* Base */ = {isa = PBXFileReference; lastKnownFileType = file.storyboard; name = Base; path = Base.lproj/Main.storyboard; sourceTree = "<group>"; };
		6D3F1F4524269B7300121C04 /* Assets.xcassets */ = {isa = PBXFileReference; lastKnownFileType = folder.assetcatalog; path = Assets.xcassets; sourceTree = "<group>"; };
		6D3F1F4824269B7300121C04 /* Base */ = {isa = PBXFileReference; lastKnownFileType = file.storyboard; name = Base; path = Base.lproj/LaunchScreen.storyboard; sourceTree = "<group>"; };
		6D3F1F4A24269B7300121C04 /* Info.plist */ = {isa = PBXFileReference; lastKnownFileType = text.plist.xml; path = Info.plist; sourceTree = "<group>"; };
		6DB62DA72426D4AF00D8457D /* MoviesTableViewController.swift */ = {isa = PBXFileReference; lastKnownFileType = sourcecode.swift; path = MoviesTableViewController.swift; sourceTree = "<group>"; };
		6DB62DAA2426D51700D8457D /* Coordinator.swift */ = {isa = PBXFileReference; lastKnownFileType = sourcecode.swift; path = Coordinator.swift; sourceTree = "<group>"; };
		6DB62DAC2426D58B00D8457D /* Storyboarded.swift */ = {isa = PBXFileReference; lastKnownFileType = sourcecode.swift; path = Storyboarded.swift; sourceTree = "<group>"; };
		6DB62DAF2426D69500D8457D /* MainCoordinator.swift */ = {isa = PBXFileReference; lastKnownFileType = sourcecode.swift; path = MainCoordinator.swift; sourceTree = "<group>"; };
		86031261548EA9CBD67717CD /* libPods-MoviesChallenge.a */ = {isa = PBXFileReference; explicitFileType = archive.ar; includeInIndex = 0; path = "libPods-MoviesChallenge.a"; sourceTree = BUILT_PRODUCTS_DIR; };
		AD8AAFEE86F6C4E71AA78683 /* Pods-MoviesChallenge.debug.xcconfig */ = {isa = PBXFileReference; includeInIndex = 1; lastKnownFileType = text.xcconfig; name = "Pods-MoviesChallenge.debug.xcconfig"; path = "Target Support Files/Pods-MoviesChallenge/Pods-MoviesChallenge.debug.xcconfig"; sourceTree = "<group>"; };
		D6493CEC854649B5F5B1F724 /* Pods-MoviesChallenge.release.xcconfig */ = {isa = PBXFileReference; includeInIndex = 1; lastKnownFileType = text.xcconfig; name = "Pods-MoviesChallenge.release.xcconfig"; path = "Target Support Files/Pods-MoviesChallenge/Pods-MoviesChallenge.release.xcconfig"; sourceTree = "<group>"; };
/* End PBXFileReference section */

/* Begin PBXFrameworksBuildPhase section */
		6D3F1F3624269B6F00121C04 /* Frameworks */ = {
			isa = PBXFrameworksBuildPhase;
			buildActionMask = 2147483647;
			files = (
				4155C8E6B825161B5B70A340 /* libPods-MoviesChallenge.a in Frameworks */,
			);
			runOnlyForDeploymentPostprocessing = 0;
		};
/* End PBXFrameworksBuildPhase section */

/* Begin PBXGroup section */
		38E2B61E53CDC8EAD98E2F66 /* Frameworks */ = {
			isa = PBXGroup;
			children = (
				86031261548EA9CBD67717CD /* libPods-MoviesChallenge.a */,
			);
			name = Frameworks;
			sourceTree = "<group>";
		};
		6D0870E92426EF570059C10A /* Cells */ = {
			isa = PBXGroup;
			children = (
				6D0870E72426EF530059C10A /* MovieTableViewCell.swift */,
			);
			path = Cells;
			sourceTree = "<group>";
		};
		6D0870EA2426F0280059C10A /* Storyboard */ = {
			isa = PBXGroup;
			children = (
				6D3F1F4224269B6F00121C04 /* Main.storyboard */,
				6D3F1F4724269B7300121C04 /* LaunchScreen.storyboard */,
			);
			path = Storyboard;
			sourceTree = "<group>";
		};
		6D0870EF24271B890059C10A /* Models */ = {
			isa = PBXGroup;
			children = (
				6D0870EB2426F0C70059C10A /* Movie.swift */,
			);
			path = Models;
			sourceTree = "<group>";
		};
		6D0870F024271B940059C10A /* Networking */ = {
			isa = PBXGroup;
			children = (
				6D0870ED242715A20059C10A /* API.swift */,
			);
			path = Networking;
			sourceTree = "<group>";
		};
		6D3F1F3024269B6F00121C04 = {
			isa = PBXGroup;
			children = (
				6D3F1F3B24269B6F00121C04 /* MoviesChallenge */,
				6D3F1F3A24269B6F00121C04 /* Products */,
				CDF4C93A3A980127A2A6A727 /* Pods */,
				38E2B61E53CDC8EAD98E2F66 /* Frameworks */,
			);
			sourceTree = "<group>";
		};
		6D3F1F3A24269B6F00121C04 /* Products */ = {
			isa = PBXGroup;
			children = (
				6D3F1F3924269B6F00121C04 /* MoviesChallenge.app */,
			);
			name = Products;
			sourceTree = "<group>";
		};
		6D3F1F3B24269B6F00121C04 /* MoviesChallenge */ = {
			isa = PBXGroup;
			children = (
				6DB62DA42426D33800D8457D /* System Files */,
				6DB62DA52426D34200D8457D /* Views */,
				6DB62DA62426D35100D8457D /* Resources */,
				6DB62DAE2426D65800D8457D /* Coordinators */,
				6DB62DAC2426D58B00D8457D /* Storyboarded.swift */,
				6D0870EF24271B890059C10A /* Models */,
				6D0870F024271B940059C10A /* Networking */,
				6D0870F124271BAE0059C10A /* MoviesTableViewModel.swift */,
			);
			path = MoviesChallenge;
			sourceTree = "<group>";
		};
		6DB62DA42426D33800D8457D /* System Files */ = {
			isa = PBXGroup;
			children = (
				6D3F1F3C24269B6F00121C04 /* AppDelegate.swift */,
				6D3F1F3E24269B6F00121C04 /* SceneDelegate.swift */,
				6D3F1F4A24269B7300121C04 /* Info.plist */,
			);
			path = "System Files";
			sourceTree = "<group>";
		};
		6DB62DA52426D34200D8457D /* Views */ = {
			isa = PBXGroup;
			children = (
				6DB62DA92426D4D000D8457D /* Controllers */,
				6D0870EA2426F0280059C10A /* Storyboard */,
				6D0870E92426EF570059C10A /* Cells */,
			);
			path = Views;
			sourceTree = "<group>";
		};
		6DB62DA62426D35100D8457D /* Resources */ = {
			isa = PBXGroup;
			children = (
				6D3F1F4524269B7300121C04 /* Assets.xcassets */,
			);
			path = Resources;
			sourceTree = "<group>";
		};
		6DB62DA92426D4D000D8457D /* Controllers */ = {
			isa = PBXGroup;
			children = (
				6DB62DA72426D4AF00D8457D /* MoviesTableViewController.swift */,
			);
			path = Controllers;
			sourceTree = "<group>";
		};
		6DB62DAE2426D65800D8457D /* Coordinators */ = {
			isa = PBXGroup;
			children = (
				6DB62DAA2426D51700D8457D /* Coordinator.swift */,
				6DB62DAF2426D69500D8457D /* MainCoordinator.swift */,
			);
			path = Coordinators;
			sourceTree = "<group>";
		};
		CDF4C93A3A980127A2A6A727 /* Pods */ = {
			isa = PBXGroup;
			children = (
				AD8AAFEE86F6C4E71AA78683 /* Pods-MoviesChallenge.debug.xcconfig */,
				D6493CEC854649B5F5B1F724 /* Pods-MoviesChallenge.release.xcconfig */,
			);
			path = Pods;
			sourceTree = "<group>";
		};
/* End PBXGroup section */

/* Begin PBXNativeTarget section */
		6D3F1F3824269B6F00121C04 /* MoviesChallenge */ = {
			isa = PBXNativeTarget;
			buildConfigurationList = 6D3F1F4D24269B7300121C04 /* Build configuration list for PBXNativeTarget "MoviesChallenge" */;
			buildPhases = (
				39AF3649D74A55BCA6B70E31 /* [CP] Check Pods Manifest.lock */,
				6D3F1F3524269B6F00121C04 /* Sources */,
				6D3F1F3624269B6F00121C04 /* Frameworks */,
				6D3F1F3724269B6F00121C04 /* Resources */,
			);
			buildRules = (
			);
			dependencies = (
			);
			name = MoviesChallenge;
			productName = MoviesChallenge;
			productReference = 6D3F1F3924269B6F00121C04 /* MoviesChallenge.app */;
			productType = "com.apple.product-type.application";
		};
/* End PBXNativeTarget section */

/* Begin PBXProject section */
		6D3F1F3124269B6F00121C04 /* Project object */ = {
			isa = PBXProject;
			attributes = {
				LastSwiftUpdateCheck = 1130;
				LastUpgradeCheck = 1130;
				ORGANIZATIONNAME = lsb;
				TargetAttributes = {
					6D3F1F3824269B6F00121C04 = {
						CreatedOnToolsVersion = 11.3.1;
					};
				};
			};
			buildConfigurationList = 6D3F1F3424269B6F00121C04 /* Build configuration list for PBXProject "MoviesChallenge" */;
			compatibilityVersion = "Xcode 9.3";
			developmentRegion = en;
			hasScannedForEncodings = 0;
			knownRegions = (
				en,
				Base,
			);
			mainGroup = 6D3F1F3024269B6F00121C04;
			productRefGroup = 6D3F1F3A24269B6F00121C04 /* Products */;
			projectDirPath = "";
			projectRoot = "";
			targets = (
				6D3F1F3824269B6F00121C04 /* MoviesChallenge */,
			);
		};
/* End PBXProject section */

/* Begin PBXResourcesBuildPhase section */
		6D3F1F3724269B6F00121C04 /* Resources */ = {
			isa = PBXResourcesBuildPhase;
			buildActionMask = 2147483647;
			files = (
				6D3F1F4924269B7300121C04 /* LaunchScreen.storyboard in Resources */,
				6D3F1F4624269B7300121C04 /* Assets.xcassets in Resources */,
				6D3F1F4424269B6F00121C04 /* Main.storyboard in Resources */,
			);
			runOnlyForDeploymentPostprocessing = 0;
		};
/* End PBXResourcesBuildPhase section */

/* Begin PBXShellScriptBuildPhase section */
		39AF3649D74A55BCA6B70E31 /* [CP] Check Pods Manifest.lock */ = {
			isa = PBXShellScriptBuildPhase;
			buildActionMask = 2147483647;
			files = (
			);
			inputFileListPaths = (
			);
			inputPaths = (
				"${PODS_PODFILE_DIR_PATH}/Podfile.lock",
				"${PODS_ROOT}/Manifest.lock",
			);
			name = "[CP] Check Pods Manifest.lock";
			outputFileListPaths = (
			);
			outputPaths = (
				"$(DERIVED_FILE_DIR)/Pods-MoviesChallenge-checkManifestLockResult.txt",
			);
			runOnlyForDeploymentPostprocessing = 0;
			shellPath = /bin/sh;
			shellScript = "diff \"${PODS_PODFILE_DIR_PATH}/Podfile.lock\" \"${PODS_ROOT}/Manifest.lock\" > /dev/null\nif [ $? != 0 ] ; then\n    # print error to STDERR\n    echo \"error: The sandbox is not in sync with the Podfile.lock. Run 'pod install' or update your CocoaPods installation.\" >&2\n    exit 1\nfi\n# This output is used by Xcode 'outputs' to avoid re-running this script phase.\necho \"SUCCESS\" > \"${SCRIPT_OUTPUT_FILE_0}\"\n";
			showEnvVarsInLog = 0;
		};
/* End PBXShellScriptBuildPhase section */

/* Begin PBXSourcesBuildPhase section */
		6D3F1F3524269B6F00121C04 /* Sources */ = {
			isa = PBXSourcesBuildPhase;
			buildActionMask = 2147483647;
			files = (
				6DB62DAB2426D51700D8457D /* Coordinator.swift in Sources */,
				6DB62DB02426D69600D8457D /* MainCoordinator.swift in Sources */,
				6D0870E82426EF530059C10A /* MovieTableViewCell.swift in Sources */,
				6DB62DA82426D4AF00D8457D /* MoviesTableViewController.swift in Sources */,
				6D0870F224271BAE0059C10A /* MoviesTableViewModel.swift in Sources */,
				6DB62DAD2426D58B00D8457D /* Storyboarded.swift in Sources */,
				6D3F1F3D24269B6F00121C04 /* AppDelegate.swift in Sources */,
				6D0870EC2426F0C70059C10A /* Movie.swift in Sources */,
				6D0870EE242715A20059C10A /* API.swift in Sources */,
				6D3F1F3F24269B6F00121C04 /* SceneDelegate.swift in Sources */,
			);
			runOnlyForDeploymentPostprocessing = 0;
		};
/* End PBXSourcesBuildPhase section */

/* Begin PBXVariantGroup section */
		6D3F1F4224269B6F00121C04 /* Main.storyboard */ = {
			isa = PBXVariantGroup;
			children = (
				6D3F1F4324269B6F00121C04 /* Base */,
			);
			name = Main.storyboard;
			sourceTree = "<group>";
		};
		6D3F1F4724269B7300121C04 /* LaunchScreen.storyboard */ = {
			isa = PBXVariantGroup;
			children = (
				6D3F1F4824269B7300121C04 /* Base */,
			);
			name = LaunchScreen.storyboard;
			sourceTree = "<group>";
		};
/* End PBXVariantGroup section */

/* Begin XCBuildConfiguration section */
		6D3F1F4B24269B7300121C04 /* Debug */ = {
			isa = XCBuildConfiguration;
			buildSettings = {
				ALWAYS_SEARCH_USER_PATHS = NO;
				CLANG_ANALYZER_NONNULL = YES;
				CLANG_ANALYZER_NUMBER_OBJECT_CONVERSION = YES_AGGRESSIVE;
				CLANG_CXX_LANGUAGE_STANDARD = "gnu++14";
				CLANG_CXX_LIBRARY = "libc++";
				CLANG_ENABLE_MODULES = YES;
				CLANG_ENABLE_OBJC_ARC = YES;
				CLANG_ENABLE_OBJC_WEAK = YES;
				CLANG_WARN_BLOCK_CAPTURE_AUTORELEASING = YES;
				CLANG_WARN_BOOL_CONVERSION = YES;
				CLANG_WARN_COMMA = YES;
				CLANG_WARN_CONSTANT_CONVERSION = YES;
				CLANG_WARN_DEPRECATED_OBJC_IMPLEMENTATIONS = YES;
				CLANG_WARN_DIRECT_OBJC_ISA_USAGE = YES_ERROR;
				CLANG_WARN_DOCUMENTATION_COMMENTS = YES;
				CLANG_WARN_EMPTY_BODY = YES;
				CLANG_WARN_ENUM_CONVERSION = YES;
				CLANG_WARN_INFINITE_RECURSION = YES;
				CLANG_WARN_INT_CONVERSION = YES;
				CLANG_WARN_NON_LITERAL_NULL_CONVERSION = YES;
				CLANG_WARN_OBJC_IMPLICIT_RETAIN_SELF = YES;
				CLANG_WARN_OBJC_LITERAL_CONVERSION = YES;
				CLANG_WARN_OBJC_ROOT_CLASS = YES_ERROR;
				CLANG_WARN_RANGE_LOOP_ANALYSIS = YES;
				CLANG_WARN_STRICT_PROTOTYPES = YES;
				CLANG_WARN_SUSPICIOUS_MOVE = YES;
				CLANG_WARN_UNGUARDED_AVAILABILITY = YES_AGGRESSIVE;
				CLANG_WARN_UNREACHABLE_CODE = YES;
				CLANG_WARN__DUPLICATE_METHOD_MATCH = YES;
				COPY_PHASE_STRIP = NO;
				DEBUG_INFORMATION_FORMAT = dwarf;
				ENABLE_STRICT_OBJC_MSGSEND = YES;
				ENABLE_TESTABILITY = YES;
				GCC_C_LANGUAGE_STANDARD = gnu11;
				GCC_DYNAMIC_NO_PIC = NO;
				GCC_NO_COMMON_BLOCKS = YES;
				GCC_OPTIMIZATION_LEVEL = 0;
				GCC_PREPROCESSOR_DEFINITIONS = (
					"DEBUG=1",
					"$(inherited)",
				);
				GCC_WARN_64_TO_32_BIT_CONVERSION = YES;
				GCC_WARN_ABOUT_RETURN_TYPE = YES_ERROR;
				GCC_WARN_UNDECLARED_SELECTOR = YES;
				GCC_WARN_UNINITIALIZED_AUTOS = YES_AGGRESSIVE;
				GCC_WARN_UNUSED_FUNCTION = YES;
				GCC_WARN_UNUSED_VARIABLE = YES;
				IPHONEOS_DEPLOYMENT_TARGET = 13.2;
				MTL_ENABLE_DEBUG_INFO = INCLUDE_SOURCE;
				MTL_FAST_MATH = YES;
				ONLY_ACTIVE_ARCH = YES;
				SDKROOT = iphoneos;
				SWIFT_ACTIVE_COMPILATION_CONDITIONS = DEBUG;
				SWIFT_OPTIMIZATION_LEVEL = "-Onone";
			};
			name = Debug;
		};
		6D3F1F4C24269B7300121C04 /* Release */ = {
			isa = XCBuildConfiguration;
			buildSettings = {
				ALWAYS_SEARCH_USER_PATHS = NO;
				CLANG_ANALYZER_NONNULL = YES;
				CLANG_ANALYZER_NUMBER_OBJECT_CONVERSION = YES_AGGRESSIVE;
				CLANG_CXX_LANGUAGE_STANDARD = "gnu++14";
				CLANG_CXX_LIBRARY = "libc++";
				CLANG_ENABLE_MODULES = YES;
				CLANG_ENABLE_OBJC_ARC = YES;
				CLANG_ENABLE_OBJC_WEAK = YES;
				CLANG_WARN_BLOCK_CAPTURE_AUTORELEASING = YES;
				CLANG_WARN_BOOL_CONVERSION = YES;
				CLANG_WARN_COMMA = YES;
				CLANG_WARN_CONSTANT_CONVERSION = YES;
				CLANG_WARN_DEPRECATED_OBJC_IMPLEMENTATIONS = YES;
				CLANG_WARN_DIRECT_OBJC_ISA_USAGE = YES_ERROR;
				CLANG_WARN_DOCUMENTATION_COMMENTS = YES;
				CLANG_WARN_EMPTY_BODY = YES;
				CLANG_WARN_ENUM_CONVERSION = YES;
				CLANG_WARN_INFINITE_RECURSION = YES;
				CLANG_WARN_INT_CONVERSION = YES;
				CLANG_WARN_NON_LITERAL_NULL_CONVERSION = YES;
				CLANG_WARN_OBJC_IMPLICIT_RETAIN_SELF = YES;
				CLANG_WARN_OBJC_LITERAL_CONVERSION = YES;
				CLANG_WARN_OBJC_ROOT_CLASS = YES_ERROR;
				CLANG_WARN_RANGE_LOOP_ANALYSIS = YES;
				CLANG_WARN_STRICT_PROTOTYPES = YES;
				CLANG_WARN_SUSPICIOUS_MOVE = YES;
				CLANG_WARN_UNGUARDED_AVAILABILITY = YES_AGGRESSIVE;
				CLANG_WARN_UNREACHABLE_CODE = YES;
				CLANG_WARN__DUPLICATE_METHOD_MATCH = YES;
				COPY_PHASE_STRIP = NO;
				DEBUG_INFORMATION_FORMAT = "dwarf-with-dsym";
				ENABLE_NS_ASSERTIONS = NO;
				ENABLE_STRICT_OBJC_MSGSEND = YES;
				GCC_C_LANGUAGE_STANDARD = gnu11;
				GCC_NO_COMMON_BLOCKS = YES;
				GCC_WARN_64_TO_32_BIT_CONVERSION = YES;
				GCC_WARN_ABOUT_RETURN_TYPE = YES_ERROR;
				GCC_WARN_UNDECLARED_SELECTOR = YES;
				GCC_WARN_UNINITIALIZED_AUTOS = YES_AGGRESSIVE;
				GCC_WARN_UNUSED_FUNCTION = YES;
				GCC_WARN_UNUSED_VARIABLE = YES;
				IPHONEOS_DEPLOYMENT_TARGET = 13.2;
				MTL_ENABLE_DEBUG_INFO = NO;
				MTL_FAST_MATH = YES;
				SDKROOT = iphoneos;
				SWIFT_COMPILATION_MODE = wholemodule;
				SWIFT_OPTIMIZATION_LEVEL = "-O";
				VALIDATE_PRODUCT = YES;
			};
			name = Release;
		};
		6D3F1F4E24269B7300121C04 /* Debug */ = {
			isa = XCBuildConfiguration;
			baseConfigurationReference = AD8AAFEE86F6C4E71AA78683 /* Pods-MoviesChallenge.debug.xcconfig */;
			buildSettings = {
				ASSETCATALOG_COMPILER_APPICON_NAME = AppIcon;
				CODE_SIGN_STYLE = Automatic;
				DEVELOPMENT_TEAM = R6HS285U35;
				INFOPLIST_FILE = "MoviesChallenge/System Files/Info.plist";
				LD_RUNPATH_SEARCH_PATHS = (
					"$(inherited)",
					"@executable_path/Frameworks",
				);
				PRODUCT_BUNDLE_IDENTIFIER = br.lsb.MoviesChallenge;
				PRODUCT_NAME = "$(TARGET_NAME)";
				SWIFT_VERSION = 5.0;
				TARGETED_DEVICE_FAMILY = "1,2";
			};
			name = Debug;
		};
		6D3F1F4F24269B7300121C04 /* Release */ = {
			isa = XCBuildConfiguration;
			baseConfigurationReference = D6493CEC854649B5F5B1F724 /* Pods-MoviesChallenge.release.xcconfig */;
			buildSettings = {
				ASSETCATALOG_COMPILER_APPICON_NAME = AppIcon;
				CODE_SIGN_STYLE = Automatic;
				DEVELOPMENT_TEAM = R6HS285U35;
				INFOPLIST_FILE = "MoviesChallenge/System Files/Info.plist";
				LD_RUNPATH_SEARCH_PATHS = (
					"$(inherited)",
					"@executable_path/Frameworks",
				);
				PRODUCT_BUNDLE_IDENTIFIER = br.lsb.MoviesChallenge;
				PRODUCT_NAME = "$(TARGET_NAME)";
				SWIFT_VERSION = 5.0;
				TARGETED_DEVICE_FAMILY = "1,2";
			};
			name = Release;
		};
/* End XCBuildConfiguration section */

/* Begin XCConfigurationList section */
		6D3F1F3424269B6F00121C04 /* Build configuration list for PBXProject "MoviesChallenge" */ = {
			isa = XCConfigurationList;
			buildConfigurations = (
				6D3F1F4B24269B7300121C04 /* Debug */,
				6D3F1F4C24269B7300121C04 /* Release */,
			);
			defaultConfigurationIsVisible = 0;
			defaultConfigurationName = Release;
		};
		6D3F1F4D24269B7300121C04 /* Build configuration list for PBXNativeTarget "MoviesChallenge" */ = {
			isa = XCConfigurationList;
			buildConfigurations = (
				6D3F1F4E24269B7300121C04 /* Debug */,
				6D3F1F4F24269B7300121C04 /* Release */,
			);
			defaultConfigurationIsVisible = 0;
			defaultConfigurationName = Release;
		};
/* End XCConfigurationList section */
	};
	rootObject = 6D3F1F3124269B6F00121C04 /* Project object */;
}
